<?xml version="1.0" encoding="utf-8"?>
<Project ToolsVersion="4.0" xmlns="http://schemas.microsoft.com/developer/msbuild/2003">
  <ItemGroup>
    <Filter Include="Shader">
      <UniqueIdentifier>{67DA6AB6-F800-4c08-8B7A-83BB121AAD01}</UniqueIdentifier>
      <Extensions>rc;ico;cur;bmp;dlg;rc2;rct;bin;rgs;gif;jpg;jpeg;jpe;resx;tiff;tif;png;wav;mfcribbon-ms</Extensions>
    </Filter>
    <Filter Include="Shader\Shadow">
      <UniqueIdentifier>{a602fa24-b2ce-49b3-8c8a-f050daa40aa7}</UniqueIdentifier>
    </Filter>
    <Filter Include="Shader\Sky">
      <UniqueIdentifier>{09259ec8-3147-4c05-bae6-28a24e38e43d}</UniqueIdentifier>
    </Filter>
    <Filter Include="Shader\Skinned">
      <UniqueIdentifier>{86dbc49b-f957-403a-a717-0d329ec8bb43}</UniqueIdentifier>
    </Filter>
    <Filter Include="Shader\Terrain">
      <UniqueIdentifier>{885980c1-b48b-4bd0-9dee-36c663f762ed}</UniqueIdentifier>
    </Filter>
    <Filter Include="Shader\Texture">
      <UniqueIdentifier>{79405741-d2ca-46e9-858f-e34ec33aa8c8}</UniqueIdentifier>
    </Filter>
    <Filter Include="Shader\Meadow">
      <UniqueIdentifier>{a002f37c-1b8d-4400-b250-7f6de4389cf9}</UniqueIdentifier>
    </Filter>
    <Filter Include="Core">
      <UniqueIdentifier>{25f0d0c8-69f6-445a-ab1f-7675a4bdefa2}</UniqueIdentifier>
    </Filter>
    <Filter Include="AI">
      <UniqueIdentifier>{0055e036-5f8d-4e5e-9ece-dba9ac798c26}</UniqueIdentifier>
    </Filter>
    <Filter Include="Character">
      <UniqueIdentifier>{5205be73-90c8-44f6-ad45-6298758c3a78}</UniqueIdentifier>
    </Filter>
    <Filter Include="Combat">
      <UniqueIdentifier>{af2ecb63-2cb1-4309-9965-a8a660dfb42a}</UniqueIdentifier>
    </Filter>
    <Filter Include="Component">
      <UniqueIdentifier>{6c2a4101-d06d-44af-a352-5ec4e3eead2b}</UniqueIdentifier>
    </Filter>
    <Filter Include="Debug">
      <UniqueIdentifier>{680daa35-890a-470a-a361-1145492496a3}</UniqueIdentifier>
    </Filter>
    <Filter Include="EncodingUtils">
      <UniqueIdentifier>{608895a7-482f-4b60-a484-575982de85cd}</UniqueIdentifier>
    </Filter>
    <Filter Include="Flow">
      <UniqueIdentifier>{5a9428b7-c159-498a-90ed-77a2c8eaeaf9}</UniqueIdentifier>
    </Filter>
    <Filter Include="Graphics">
      <UniqueIdentifier>{a1d287a9-f060-4665-9b6e-1ef9df2a5dc6}</UniqueIdentifier>
    </Filter>
    <Filter Include="ImGui">
      <UniqueIdentifier>{a7e80ca0-c7c8-44ef-84a1-2d2dd0c587cc}</UniqueIdentifier>
    </Filter>
    <Filter Include="Input">
      <UniqueIdentifier>{42d5c112-ca14-43d5-9cb0-5eb64f301dec}</UniqueIdentifier>
    </Filter>
    <Filter Include="UI">
      <UniqueIdentifier>{9936add1-1980-4347-a96a-6a1da0640d33}</UniqueIdentifier>
    </Filter>
    <Filter Include="World">
      <UniqueIdentifier>{ff5ba779-4a80-4e4c-b65c-e1ce5c81293b}</UniqueIdentifier>
    </Filter>
    <Filter Include="Graphics\D3D12">
      <UniqueIdentifier>{fe746e01-4297-47e5-a4af-28f6c2ca9134}</UniqueIdentifier>
    </Filter>
    <Filter Include="Graphics\Animation">
      <UniqueIdentifier>{ff9ecf96-1cc1-4dcc-9505-56be381303d0}</UniqueIdentifier>
    </Filter>
    <Filter Include="Graphics\Model">
      <UniqueIdentifier>{a75f4dd5-c0aa-49c9-bd28-acbc30207200}</UniqueIdentifier>
    </Filter>
    <Filter Include="Graphics\Renderer">
      <UniqueIdentifier>{1d878ad6-3572-4fca-af2d-78854b3d8bcb}</UniqueIdentifier>
    </Filter>
    <Filter Include="Graphics\Sprite">
      <UniqueIdentifier>{aec641d8-4933-4b0b-978c-29cf22001f74}</UniqueIdentifier>
    </Filter>
    <Filter Include="Utility">
      <UniqueIdentifier>{6c564305-f686-4361-9819-c50a6f5cf991}</UniqueIdentifier>
    </Filter>
    <Filter Include="UI\HUD">
      <UniqueIdentifier>{fd40b31c-8175-41a0-90ce-4a0b9c418da9}</UniqueIdentifier>
    </Filter>
  </ItemGroup>
  <ItemGroup>
    <FxCompile Include="..\res\BasicPS.hlsl">
      <Filter>Shader</Filter>
    </FxCompile>
    <FxCompile Include="..\res\BasicVS.hlsl">
      <Filter>Shader</Filter>
    </FxCompile>
    <FxCompile Include="..\res\TexturePS.hlsl">
      <Filter>Shader\Texture</Filter>
    </FxCompile>
    <FxCompile Include="..\res\TextureVS.hlsl">
      <Filter>Shader\Texture</Filter>
    </FxCompile>
    <FxCompile Include="..\res\ShadowMapPS.hlsl">
      <Filter>Shader\Shadow</Filter>
    </FxCompile>
    <FxCompile Include="..\res\ShadowMapVS.hlsl">
      <Filter>Shader\Shadow</Filter>
    </FxCompile>
    <FxCompile Include="..\res\SkyDomePS.hlsl">
      <Filter>Shader\Sky</Filter>
    </FxCompile>
    <FxCompile Include="..\res\SkyDomeVS.hlsl">
      <Filter>Shader\Sky</Filter>
    </FxCompile>
    <FxCompile Include="..\res\SkinnedFBXPS.hlsl">
      <Filter>Shader\Skinned</Filter>
    </FxCompile>
    <FxCompile Include="..\res\SkinnedFBXVS.hlsl">
      <Filter>Shader\Skinned</Filter>
    </FxCompile>
    <FxCompile Include="..\res\TerrainVS.hlsl">
      <Filter>Shader\Terrain</Filter>
    </FxCompile>
    <FxCompile Include="..\res\TerrainPS.hlsl">
      <Filter>Shader\Terrain</Filter>
    </FxCompile>
    <FxCompile Include="..\res\TerrainVertexGenCS.hlsl">
      <Filter>Shader\Terrain</Filter>
    </FxCompile>
    <FxCompile Include="..\res\GrassNearVS.hlsl">
      <Filter>Shader\Meadow</Filter>
    </FxCompile>
    <FxCompile Include="..\res\GrassNearGS.hlsl">
      <Filter>Shader\Meadow</Filter>
    </FxCompile>
    <FxCompile Include="..\res\GrassNearPS.hlsl">
      <Filter>Shader\Meadow</Filter>
    </FxCompile>
    <FxCompile Include="..\res\MaskedTexturePS.hlsl">
      <Filter>Shader\Texture</Filter>
    </FxCompile>
    <FxCompile Include="..\res\GrassGeneratorCS.hlsl">
      <Filter>Shader\Meadow</Filter>
    </FxCompile>
  </ItemGroup>
  <ItemGroup>
    <None Include="..\res\BRDF.hlsli">
      <Filter>Shader</Filter>
    </None>
    <None Include="packages.config" />
    <None Include="..\res\Common.hlsli">
      <Filter>Shader</Filter>
    </None>
    <None Include="..\Source\ImGui\.editorconfig">
      <Filter>ImGui</Filter>
    </None>
    <None Include="..\Source\ImGui\.gitattributes">
      <Filter>ImGui</Filter>
    </None>
    <None Include="..\Source\ImGui\.gitignore">
      <Filter>ImGui</Filter>
    </None>
  </ItemGroup>
  <ItemGroup>
    <ClCompile Include="..\Source\Core\App.cpp">
      <Filter>Core</Filter>
    </ClCompile>
    <ClCompile Include="..\Source\Core\GameApp.cpp">
      <Filter>Core</Filter>
    </ClCompile>
    <ClCompile Include="..\Source\Core\GameManager.cpp">
      <Filter>Core</Filter>
    </ClCompile>
    <ClCompile Include="..\Source\Core\GameObject.cpp">
      <Filter>Core</Filter>
    </ClCompile>
    <ClCompile Include="..\Source\Core\main.cpp">
      <Filter>Core</Filter>
    </ClCompile>
    <ClCompile Include="..\Source\Core\NameSpace.cpp">
      <Filter>Core</Filter>
    </ClCompile>
    <ClCompile Include="..\Source\Core\Scene.cpp">
      <Filter>Core</Filter>
    </ClCompile>
    <ClCompile Include="..\Source\AI\AllyAIComponent.cpp">
      <Filter>AI</Filter>
    </ClCompile>
    <ClCompile Include="..\Source\AI\EnemyAIComponent.cpp">
      <Filter>AI</Filter>
    </ClCompile>
    <ClCompile Include="..\Source\Character\CharacterBase.cpp">
      <Filter>Character</Filter>
    </ClCompile>
    <ClCompile Include="..\Source\Character\EnemySpawner.cpp">
      <Filter>Character</Filter>
    </ClCompile>
    <ClCompile Include="..\Source\Character\Mutant.cpp">
      <Filter>Character</Filter>
    </ClCompile>
    <ClCompile Include="..\Source\Character\Paladin.cpp">
      <Filter>Character</Filter>
    </ClCompile>
    <ClCompile Include="..\Source\Character\PartyManager.cpp">
      <Filter>Character</Filter>
    </ClCompile>
    <ClCompile Include="..\Source\Character\Player.cpp">
      <Filter>Character</Filter>
    </ClCompile>
    <ClCompile Include="..\Source\Character\SkeletonZombie.cpp">
      <Filter>Character</Filter>
    </ClCompile>
    <ClCompile Include="..\Source\Character\Zombie.cpp">
      <Filter>Character</Filter>
    </ClCompile>
    <ClCompile Include="..\Source\Combat\CharacterGrowthCatalog.cpp">
      <Filter>Combat</Filter>
    </ClCompile>
    <ClCompile Include="..\Source\Combat\FloatingDamage.cpp">
      <Filter>Combat</Filter>
    </ClCompile>
    <ClCompile Include="..\Source\Combat\HealthComponent.cpp">
      <Filter>Combat</Filter>
    </ClCompile>
    <ClCompile Include="..\Source\Combat\PartyGrowthCatalog.cpp">
      <Filter>Combat</Filter>
    </ClCompile>
    <ClCompile Include="..\Source\Combat\SkillCatalog.cpp">
      <Filter>Combat</Filter>
    </ClCompile>
    <ClCompile Include="..\Source\Combat\SkillComponent.cpp">
      <Filter>Combat</Filter>
    </ClCompile>
    <ClCompile Include="..\Source\Combat\StatusComponent.cpp">
      <Filter>Combat</Filter>
    </ClCompile>
    <ClCompile Include="..\Source\Component\MovementComponent.cpp">
      <Filter>Component</Filter>
    </ClCompile>
    <ClCompile Include="..\Source\Debug\DebugMenu.cpp">
      <Filter>Debug</Filter>
    </ClCompile>
    <ClCompile Include="..\Source\Debug\DebugUI.cpp">
      <Filter>Debug</Filter>
    </ClCompile>
    <ClCompile Include="..\Source\Debug\ImGuiUtil.cpp">
      <Filter>Debug</Filter>
    </ClCompile>
    <ClCompile Include="..\Source\EncodingUtils\EncodingUtils.cpp">
      <Filter>EncodingUtils</Filter>
    </ClCompile>
    <ClCompile Include="..\Source\Flow\GameFlowUtil.cpp">
      <Filter>Flow</Filter>
    </ClCompile>
    <ClCompile Include="..\Source\Flow\PhaseManager.cpp">
      <Filter>Flow</Filter>
    </ClCompile>
    <ClCompile Include="..\Source\Flow\ScreenFade.cpp">
      <Filter>Flow</Filter>
    </ClCompile>
    <ClCompile Include="..\Source\Flow\ShopManager.cpp">
      <Filter>Flow</Filter>
    </ClCompile>
    <ClCompile Include="..\Source\Graphics\D3D12\ColorTarget.cpp">
      <Filter>Graphics\D3D12</Filter>
    </ClCompile>
    <ClCompile Include="..\Source\Graphics\D3D12\CommandList.cpp">
      <Filter>Graphics\D3D12</Filter>
    </ClCompile>
    <ClCompile Include="..\Source\Graphics\D3D12\ComputeUtil.cpp">
      <Filter>Graphics\D3D12</Filter>
    </ClCompile>
    <ClCompile Include="..\Source\Graphics\D3D12\ConstantBuffer.cpp">
      <Filter>Graphics\D3D12</Filter>
    </ClCompile>
    <ClCompile Include="..\Source\Graphics\D3D12\DepthTarget.cpp">
      <Filter>Graphics\D3D12</Filter>
    </ClCompile>
    <ClCompile Include="..\Source\Graphics\D3D12\DescriptorPool.cpp">
      <Filter>Graphics\D3D12</Filter>
    </ClCompile>
    <ClCompile Include="..\Source\Graphics\D3D12\Fence.cpp">
      <Filter>Graphics\D3D12</Filter>
    </ClCompile>
    <ClCompile Include="..\Source\Graphics\D3D12\IndexBuffer.cpp">
      <Filter>Graphics\D3D12</Filter>
    </ClCompile>
    <ClCompile Include="..\Source\Graphics\D3D12\ResourceManager.cpp">
      <Filter>Graphics\D3D12</Filter>
    </ClCompile>
    <ClCompile Include="..\Source\Graphics\D3D12\RootSignature.cpp">
      <Filter>Graphics\D3D12</Filter>
    </ClCompile>
    <ClCompile Include="..\Source\Graphics\D3D12\Texture.cpp">
      <Filter>Graphics\D3D12</Filter>
    </ClCompile>
    <ClCompile Include="..\Source\Graphics\D3D12\VertexBuffer.cpp">
      <Filter>Graphics\D3D12</Filter>
    </ClCompile>
    <ClCompile Include="..\Source\Graphics\Animation\AnimationController.cpp">
      <Filter>Graphics\Animation</Filter>
    </ClCompile>
    <ClCompile Include="..\Source\Graphics\Animation\AnimationManager.cpp">
      <Filter>Graphics\Animation</Filter>
    </ClCompile>
    <ClCompile Include="..\Source\Graphics\Animation\SkeletonDebugDraw.cpp">
      <Filter>Graphics\Animation</Filter>
    </ClCompile>
    <ClCompile Include="..\Source\Graphics\Model\BinaryAnimLoader.cpp">
      <Filter>Graphics\Model</Filter>
    </ClCompile>
    <ClCompile Include="..\Source\Graphics\Model\BinaryModelLoader.cpp">
      <Filter>Graphics\Model</Filter>
    </ClCompile>
    <ClCompile Include="..\Source\Graphics\Model\ImageLoader.cpp">
      <Filter>Graphics\Model</Filter>
    </ClCompile>
    <ClCompile Include="..\Source\Graphics\Model\IModelLoader.cpp">
      <Filter>Graphics\Model</Filter>
    </ClCompile>
    <ClCompile Include="..\Source\Graphics\Model\LoadGameObj.cpp">
      <Filter>Graphics\Model</Filter>
    </ClCompile>
    <ClCompile Include="..\Source\Graphics\Model\Mesh.cpp">
      <Filter>Graphics\Model</Filter>
    </ClCompile>
    <ClCompile Include="..\Source\Graphics\Model\ModelManager.cpp">
      <Filter>Graphics\Model</Filter>
    </ClCompile>
    <ClCompile Include="..\Source\Graphics\Model\ResMesh.cpp">
      <Filter>Graphics\Model</Filter>
    </ClCompile>
    <ClCompile Include="..\Source\Graphics\Renderer\LightManager.cpp">
      <Filter>Graphics\Renderer</Filter>
    </ClCompile>
    <ClCompile Include="..\Source\Graphics\Renderer\Material.cpp">
      <Filter>Graphics\Renderer</Filter>
    </ClCompile>
    <ClCompile Include="..\Source\Graphics\Renderer\MaterialResolver.cpp">
      <Filter>Graphics\Renderer</Filter>
    </ClCompile>
    <ClCompile Include="..\Source\Graphics\Renderer\MeshRenderer.cpp">
      <Filter>Graphics\Renderer</Filter>
    </ClCompile>
    <ClCompile Include="..\Source\Graphics\Renderer\PipelineInitializer.cpp">
      <Filter>Graphics\Renderer</Filter>
    </ClCompile>
    <ClCompile Include="..\Source\Graphics\Renderer\PipelineStateManager.cpp">
      <Filter>Graphics\Renderer</Filter>
    </ClCompile>
    <ClCompile Include="..\Source\Graphics\Renderer\RenderSystem.cpp">
      <Filter>Graphics\Renderer</Filter>
    </ClCompile>
    <ClCompile Include="..\Source\Graphics\Renderer\ShaderManager.cpp">
      <Filter>Graphics\Renderer</Filter>
    </ClCompile>
    <ClCompile Include="..\Source\Graphics\Renderer\ShadowManager.cpp">
      <Filter>Graphics\Renderer</Filter>
    </ClCompile>
    <ClCompile Include="..\Source\Graphics\Sprite\MaskedSprite.cpp">
      <Filter>Graphics\Sprite</Filter>
    </ClCompile>
    <ClCompile Include="..\Source\Graphics\Sprite\Sprite.cpp">
      <Filter>Graphics\Sprite</Filter>
    </ClCompile>
    <ClCompile Include="..\Source\ImGui\imgui.cpp">
      <Filter>ImGui</Filter>
    </ClCompile>
    <ClCompile Include="..\Source\ImGui\imgui_demo.cpp">
      <Filter>ImGui</Filter>
    </ClCompile>
    <ClCompile Include="..\Source\ImGui\imgui_draw.cpp">
      <Filter>ImGui</Filter>
    </ClCompile>
    <ClCompile Include="..\Source\ImGui\imgui_tables.cpp">
      <Filter>ImGui</Filter>
    </ClCompile>
    <ClCompile Include="..\Source\ImGui\imgui_widgets.cpp">
      <Filter>ImGui</Filter>
    </ClCompile>
    <ClCompile Include="..\Source\Input\Camera.cpp">
      <Filter>Input</Filter>
    </ClCompile>
    <ClCompile Include="..\Source\Input\Input.cpp">
      <Filter>Input</Filter>
    </ClCompile>
    <ClCompile Include="..\Source\World\BattleArea.cpp">
      <Filter>World</Filter>
    </ClCompile>
    <ClCompile Include="..\Source\World\BattleAreaObj.cpp">
      <Filter>World</Filter>
    </ClCompile>
    <ClCompile Include="..\Source\World\Meadow.cpp">
      <Filter>World</Filter>
    </ClCompile>
    <ClCompile Include="..\Source\World\SkyDome.cpp">
      <Filter>World</Filter>
    </ClCompile>
    <ClCompile Include="..\Source\World\SkyDomeObject.cpp">
      <Filter>World</Filter>
    </ClCompile>
    <ClCompile Include="..\Source\World\Terrain.cpp">
      <Filter>World</Filter>
    </ClCompile>
    <ClCompile Include="..\Source\World\TerrainScene.cpp">
      <Filter>World</Filter>
    </ClCompile>
    <ClCompile Include="..\Source\World\Tree.cpp">
      <Filter>World</Filter>
    </ClCompile>
    <ClCompile Include="..\Source\World\Wind.cpp">
      <Filter>World</Filter>
    </ClCompile>
    <ClCompile Include="..\Source\Utility\FileUtil.cpp">
      <Filter>Utility</Filter>
    </ClCompile>
    <ClCompile Include="..\Source\Utility\Logger.cpp">
      <Filter>Utility</Filter>
    </ClCompile>
    <ClCompile Include="..\Source\Utility\MathUtility.cpp">
      <Filter>Utility</Filter>
    </ClCompile>
    <ClCompile Include="..\Source\UI\GameMenu.cpp">
      <Filter>UI</Filter>
    </ClCompile>
    <ClCompile Include="..\Source\UI\LockOnUI.cpp">
      <Filter>UI</Filter>
    </ClCompile>
    <ClCompile Include="..\Source\UI\NumberUI.cpp">
      <Filter>UI</Filter>
    </ClCompile>
    <ClCompile Include="..\Source\UI\ResultHud.cpp">
      <Filter>UI</Filter>
    </ClCompile>
    <ClCompile Include="..\Source\UI\ShopUI.cpp">
      <Filter>UI</Filter>
    </ClCompile>
    <ClCompile Include="..\Source\UI\TitleChara.cpp">
      <Filter>UI</Filter>
    </ClCompile>
    <ClCompile Include="..\Source\UI\TitleObject.cpp">
      <Filter>UI</Filter>
    </ClCompile>
    <ClCompile Include="..\Source\UI\TitleScene.cpp">
      <Filter>UI</Filter>
    </ClCompile>
    <ClCompile Include="..\Source\UI\HUD\AllyHudPanel.cpp">
      <Filter>UI\HUD</Filter>
    </ClCompile>
    <ClCompile Include="..\Source\UI\HUD\CombatHud.cpp">
      <Filter>UI\HUD</Filter>
    </ClCompile>
    <ClCompile Include="..\Source\UI\HUD\CombatHudSerializer.cpp">
      <Filter>UI\HUD</Filter>
    </ClCompile>
    <ClCompile Include="..\Source\UI\HUD\EnemyHudPanel.cpp">
      <Filter>UI\HUD</Filter>
    </ClCompile>
    <ClCompile Include="..\Source\UI\HUD\PhaseHudPanel.cpp">
      <Filter>UI\HUD</Filter>
    </ClCompile>
    <ClCompile Include="..\Source\UI\HUD\SkillHudPanel.cpp">
      <Filter>UI\HUD</Filter>
    </ClCompile>
    <ClCompile Include="..\Source\ImGui\backends\imgui_impl_dx12.cpp">
      <Filter>ImGui</Filter>
    </ClCompile>
    <ClCompile Include="..\Source\ImGui\backends\imgui_impl_win32.cpp">
      <Filter>ImGui</Filter>
    </ClCompile>
  </ItemGroup>
  <ItemGroup>
    <ClInclude Include="..\Source\Core\App.h">
      <Filter>Core</Filter>
    </ClInclude>
    <ClInclude Include="..\Source\Core\Component.h">
      <Filter>Core</Filter>
    </ClInclude>
    <ClInclude Include="..\Source\Core\GameApp.h">
      <Filter>Core</Filter>
    </ClInclude>
    <ClInclude Include="..\Source\Core\GameManager.h">
      <Filter>Core</Filter>
    </ClInclude>
    <ClInclude Include="..\Source\Core\GameObject.h">
      <Filter>Core</Filter>
    </ClInclude>
    <ClInclude Include="..\Source\Core\main.h">
      <Filter>Core</Filter>
    </ClInclude>
    <ClInclude Include="..\Source\Core\NameSpace.h">
      <Filter>Core</Filter>
    </ClInclude>
    <ClInclude Include="..\Source\Core\Pool.h">
      <Filter>Core</Filter>
    </ClInclude>
    <ClInclude Include="..\Source\Core\RenderContext.h">
      <Filter>Core</Filter>
    </ClInclude>
    <ClInclude Include="..\Source\Core\Scene.h">
      <Filter>Core</Filter>
    </ClInclude>
    <ClInclude Include="..\Source\Core\SingletonManager.h">
      <Filter>Core</Filter>
    </ClInclude>
    <ClInclude Include="..\Source\AI\AllyAIComponent.h">
      <Filter>AI</Filter>
    </ClInclude>
    <ClInclude Include="..\Source\AI\EnemyAIComponent.h">
      <Filter>AI</Filter>
    </ClInclude>
    <ClInclude Include="..\Source\Character\CharacterBase.h">
      <Filter>Character</Filter>
    </ClInclude>
    <ClInclude Include="..\Source\Character\EnemySpawner.h">
      <Filter>Character</Filter>
    </ClInclude>
    <ClInclude Include="..\Source\Character\Mutant.h">
      <Filter>Character</Filter>
    </ClInclude>
    <ClInclude Include="..\Source\Character\Paladin.h">
      <Filter>Character</Filter>
    </ClInclude>
    <ClInclude Include="..\Source\Character\PartyManager.h">
      <Filter>Character</Filter>
    </ClInclude>
    <ClInclude Include="..\Source\Character\Player.h">
      <Filter>Character</Filter>
    </ClInclude>
    <ClInclude Include="..\Source\Character\SkeletonZombie.h">
      <Filter>Character</Filter>
    </ClInclude>
    <ClInclude Include="..\Source\Character\Zombie.h">
      <Filter>Character</Filter>
    </ClInclude>
    <ClInclude Include="..\Source\Combat\CharacterGrowthCatalog.h">
      <Filter>Combat</Filter>
    </ClInclude>
    <ClInclude Include="..\Source\Combat\DamageTypes.h">
      <Filter>Combat</Filter>
    </ClInclude>
    <ClInclude Include="..\Source\Combat\FloatingDamage.h">
      <Filter>Combat</Filter>
    </ClInclude>
    <ClInclude Include="..\Source\Combat\HealthComponent.h">
      <Filter>Combat</Filter>
    </ClInclude>
    <ClInclude Include="..\Source\Combat\PartyGrowthCatalog.h">
      <Filter>Combat</Filter>
    </ClInclude>
    <ClInclude Include="..\Source\Combat\SkillCatalog.h">
      <Filter>Combat</Filter>
    </ClInclude>
    <ClInclude Include="..\Source\Combat\SkillComponent.h">
      <Filter>Combat</Filter>
    </ClInclude>
    <ClInclude Include="..\Source\Combat\SkillData.h">
      <Filter>Combat</Filter>
    </ClInclude>
    <ClInclude Include="..\Source\Combat\StatusComponent.h">
      <Filter>Combat</Filter>
    </ClInclude>
    <ClInclude Include="..\Source\Combat\StatusData.h">
      <Filter>Combat</Filter>
    </ClInclude>
    <ClInclude Include="..\Source\Component\MovementComponent.h">
      <Filter>Component</Filter>
    </ClInclude>
    <ClInclude Include="..\Source\Component\TargetComponent.h">
      <Filter>Component</Filter>
    </ClInclude>
    <ClInclude Include="..\Source\Debug\DebugMenu.h">
      <Filter>Debug</Filter>
    </ClInclude>
    <ClInclude Include="..\Source\Debug\DebugUI.h">
      <Filter>Debug</Filter>
    </ClInclude>
    <ClInclude Include="..\Source\Debug\ImGuiUtil.h">
      <Filter>Debug</Filter>
    </ClInclude>
    <ClInclude Include="..\Source\EncodingUtils\ComPtr.h">
      <Filter>EncodingUtils</Filter>
    </ClInclude>
    <ClInclude Include="..\Source\EncodingUtils\EncodingUtils.h">
      <Filter>EncodingUtils</Filter>
    </ClInclude>
    <ClInclude Include="..\Source\Flow\GameFlowUtil.h">
      <Filter>Flow</Filter>
    </ClInclude>
    <ClInclude Include="..\Source\Flow\PhaseData.h">
      <Filter>Flow</Filter>
    </ClInclude>
    <ClInclude Include="..\Source\Flow\PhaseManager.h">
      <Filter>Flow</Filter>
    </ClInclude>
    <ClInclude Include="..\Source\Flow\ScreenFade.h">
      <Filter>Flow</Filter>
    </ClInclude>
    <ClInclude Include="..\Source\Flow\ShopManager.h">
      <Filter>Flow</Filter>
    </ClInclude>
    <ClInclude Include="..\Source\Flow\ShopOffer.h">
      <Filter>Flow</Filter>
    </ClInclude>
    <ClInclude Include="..\Source\Flow\UpgradeData.h">
      <Filter>Flow</Filter>
    </ClInclude>
    <ClInclude Include="..\Source\Graphics\D3D12\ColorTarget.h">
      <Filter>Graphics\D3D12</Filter>
    </ClInclude>
    <ClInclude Include="..\Source\Graphics\D3D12\CommandList.h">
      <Filter>Graphics\D3D12</Filter>
    </ClInclude>
    <ClInclude Include="..\Source\Graphics\D3D12\ComputeUtil.h">
      <Filter>Graphics\D3D12</Filter>
    </ClInclude>
    <ClInclude Include="..\Source\Graphics\D3D12\ConstantBuffer.h">
      <Filter>Graphics\D3D12</Filter>
    </ClInclude>
    <ClInclude Include="..\Source\Graphics\D3D12\DepthTarget.h">
      <Filter>Graphics\D3D12</Filter>
    </ClInclude>
    <ClInclude Include="..\Source\Graphics\D3D12\DescriptorPool.h">
      <Filter>Graphics\D3D12</Filter>
    </ClInclude>
    <ClInclude Include="..\Source\Graphics\D3D12\Fence.h">
      <Filter>Graphics\D3D12</Filter>
    </ClInclude>
    <ClInclude Include="..\Source\Graphics\D3D12\IndexBuffer.h">
      <Filter>Graphics\D3D12</Filter>
    </ClInclude>
    <ClInclude Include="..\Source\Graphics\D3D12\ResourceManager.h">
      <Filter>Graphics\D3D12</Filter>
    </ClInclude>
    <ClInclude Include="..\Source\Graphics\D3D12\RootSignature.h">
      <Filter>Graphics\D3D12</Filter>
    </ClInclude>
    <ClInclude Include="..\Source\Graphics\D3D12\Texture.h">
      <Filter>Graphics\D3D12</Filter>
    </ClInclude>
    <ClInclude Include="..\Source\Graphics\D3D12\VertexBuffer.h">
      <Filter>Graphics\D3D12</Filter>
    </ClInclude>
    <ClInclude Include="..\Source\Graphics\Animation\AnimationController.h">
      <Filter>Graphics\Animation</Filter>
    </ClInclude>
    <ClInclude Include="..\Source\Graphics\Animation\AnimationManager.h">
      <Filter>Graphics\Animation</Filter>
    </ClInclude>
    <ClInclude Include="..\Source\Graphics\Animation\SkeletonDebugDraw.h">
      <Filter>Graphics\Animation</Filter>
    </ClInclude>
    <ClInclude Include="..\Source\Graphics\Model\BinaryAnimLoader.h">
      <Filter>Graphics\Model</Filter>
    </ClInclude>
    <ClInclude Include="..\Source\Graphics\Model\BinaryModelLoader.h">
      <Filter>Graphics\Model</Filter>
    </ClInclude>
    <ClInclude Include="..\Source\Graphics\Model\ImageLoader.h">
      <Filter>Graphics\Model</Filter>
    </ClInclude>
    <ClInclude Include="..\Source\Graphics\Model\IModelLoader.h">
      <Filter>Graphics\Model</Filter>
    </ClInclude>
    <ClInclude Include="..\Source\Graphics\Model\LoadGameObj.h">
      <Filter>Graphics\Model</Filter>
    </ClInclude>
    <ClInclude Include="..\Source\Graphics\Model\Mesh.h">
      <Filter>Graphics\Model</Filter>
    </ClInclude>
    <ClInclude Include="..\Source\Graphics\Model\ModelFormat.h">
      <Filter>Graphics\Model</Filter>
    </ClInclude>
    <ClInclude Include="..\Source\Graphics\Model\ModelManager.h">
      <Filter>Graphics\Model</Filter>
    </ClInclude>
    <ClInclude Include="..\Source\Graphics\Model\ResMesh.h">
      <Filter>Graphics\Model</Filter>
    </ClInclude>
    <ClInclude Include="..\Source\Graphics\Renderer\LightManager.h">
      <Filter>Graphics\Renderer</Filter>
    </ClInclude>
    <ClInclude Include="..\Source\Graphics\Renderer\Material.h">
      <Filter>Graphics\Renderer</Filter>
    </ClInclude>
    <ClInclude Include="..\Source\Graphics\Renderer\MaterialResolver.h">
      <Filter>Graphics\Renderer</Filter>
    </ClInclude>
    <ClInclude Include="..\Source\Graphics\Renderer\MeshRenderer.h">
      <Filter>Graphics\Renderer</Filter>
    </ClInclude>
    <ClInclude Include="..\Source\Graphics\Renderer\PipelineInitializer.h">
      <Filter>Graphics\Renderer</Filter>
    </ClInclude>
    <ClInclude Include="..\Source\Graphics\Renderer\PipelineStateManager.h">
      <Filter>Graphics\Renderer</Filter>
    </ClInclude>
    <ClInclude Include="..\Source\Graphics\Renderer\RenderSystem.h">
      <Filter>Graphics\Renderer</Filter>
    </ClInclude>
    <ClInclude Include="..\Source\Graphics\Renderer\ShaderManager.h">
      <Filter>Graphics\Renderer</Filter>
    </ClInclude>
    <ClInclude Include="..\Source\Graphics\Renderer\ShadowManager.h">
      <Filter>Graphics\Renderer</Filter>
    </ClInclude>
    <ClInclude Include="..\Source\Graphics\Sprite\MaskedSprite.h">
      <Filter>Graphics\Sprite</Filter>
    </ClInclude>
    <ClInclude Include="..\Source\Graphics\Sprite\Sprite.h">
      <Filter>Graphics\Sprite</Filter>
    </ClInclude>
    <ClInclude Include="..\Source\ImGui\imconfig.h">
      <Filter>ImGui</Filter>
    </ClInclude>
    <ClInclude Include="..\Source\ImGui\imgui.h">
      <Filter>ImGui</Filter>
    </ClInclude>
    <ClInclude Include="..\Source\ImGui\imgui_internal.h">
      <Filter>ImGui</Filter>
    </ClInclude>
    <ClInclude Include="..\Source\ImGui\imstb_rectpack.h">
      <Filter>ImGui</Filter>
    </ClInclude>
    <ClInclude Include="..\Source\ImGui\imstb_textedit.h">
      <Filter>ImGui</Filter>
    </ClInclude>
    <ClInclude Include="..\Source\ImGui\imstb_truetype.h">
      <Filter>ImGui</Filter>
    </ClInclude>
    <ClInclude Include="..\Source\Input\Camera.h">
      <Filter>Input</Filter>
    </ClInclude>
    <ClInclude Include="..\Source\Input\Input.h">
      <Filter>Input</Filter>
    </ClInclude>
    <ClInclude Include="..\Source\World\BattleArea.h">
      <Filter>World</Filter>
    </ClInclude>
    <ClInclude Include="..\Source\World\BattleAreaObj.h">
      <Filter>World</Filter>
    </ClInclude>
    <ClInclude Include="..\Source\World\Meadow.h">
      <Filter>World</Filter>
    </ClInclude>
    <ClInclude Include="..\Source\World\SkyDome.h">
      <Filter>World</Filter>
    </ClInclude>
    <ClInclude Include="..\Source\World\SkyDomeObject.h">
      <Filter>World</Filter>
    </ClInclude>
    <ClInclude Include="..\Source\World\Terrain.h">
      <Filter>World</Filter>
    </ClInclude>
    <ClInclude Include="..\Source\World\TerrainScene.h">
      <Filter>World</Filter>
    </ClInclude>
    <ClInclude Include="..\Source\World\Tree.h">
      <Filter>World</Filter>
    </ClInclude>
    <ClInclude Include="..\Source\World\Wind.h">
      <Filter>World</Filter>
    </ClInclude>
    <ClInclude Include="..\Source\Utility\FileUtil.h">
      <Filter>Utility</Filter>
    </ClInclude>
    <ClInclude Include="..\Source\Utility\InlineUtil.h">
      <Filter>Utility</Filter>
    </ClInclude>
    <ClInclude Include="..\Source\Utility\Logger.h">
      <Filter>Utility</Filter>
    </ClInclude>
    <ClInclude Include="..\Source\Utility\MathUtility.h">
      <Filter>Utility</Filter>
    </ClInclude>
    <ClInclude Include="..\Source\UI\GameMenu.h">
      <Filter>UI</Filter>
    </ClInclude>
    <ClInclude Include="..\Source\UI\LockOnUI.h">
      <Filter>UI</Filter>
    </ClInclude>
    <ClInclude Include="..\Source\UI\NumberUI.h">
      <Filter>UI</Filter>
    </ClInclude>
    <ClInclude Include="..\Source\UI\ResultHud.h">
      <Filter>UI</Filter>
    </ClInclude>
    <ClInclude Include="..\Source\UI\ShopUI.h">
      <Filter>UI</Filter>
    </ClInclude>
    <ClInclude Include="..\Source\UI\TitleChara.h">
      <Filter>UI</Filter>
    </ClInclude>
    <ClInclude Include="..\Source\UI\TitleObject.h">
      <Filter>UI</Filter>
    </ClInclude>
    <ClInclude Include="..\Source\UI\TitleScene.h">
      <Filter>UI</Filter>
    </ClInclude>
    <ClInclude Include="..\Source\UI\HUD\AllyHudPanel.h">
      <Filter>UI\HUD</Filter>
    </ClInclude>
    <ClInclude Include="..\Source\UI\HUD\CombatHud.h">
      <Filter>UI\HUD</Filter>
    </ClInclude>
    <ClInclude Include="..\Source\UI\HUD\CombatHudLayout.h">
      <Filter>UI\HUD</Filter>
    </ClInclude>
    <ClInclude Include="..\Source\UI\HUD\CombatHudSerializer.h">
      <Filter>UI\HUD</Filter>
    </ClInclude>
    <ClInclude Include="..\Source\UI\HUD\EnemyHudPanel.h">
      <Filter>UI\HUD</Filter>
    </ClInclude>
    <ClInclude Include="..\Source\UI\HUD\PhaseHudPanel.h">
      <Filter>UI\HUD</Filter>
    </ClInclude>
    <ClInclude Include="..\Source\UI\HUD\SkillHudPanel.h">
      <Filter>UI\HUD</Filter>
    </ClInclude>
  </ItemGroup>
  <ItemGroup>
    <Text Include="..\Source\ImGui\LICENSE.txt">
      <Filter>ImGui</Filter>
    </Text>
  </ItemGroup>
</Project>